// !$*UTF8*$!
{
	archiveVersion = 1;
	classes = {
	};
	objectVersion = 50;
	objects = {

/* Begin PBXBuildFile section */
		7D69541D27EAE21600A11008 /* Launch Screen.storyboard in Resources */ = {isa = PBXBuildFile; fileRef = 7D69541C27EAE21600A11008 /* Launch Screen.storyboard */; };
		7D69541F27EAE25400A11008 /* IMG_7254-5.png in Resources */ = {isa = PBXBuildFile; fileRef = 7D69541E27EAE25400A11008 /* IMG_7254-5.png */; };
		7DC5763A22387D4700674687 /* DataModel.xcdatamodeld in Sources */ = {isa = PBXBuildFile; fileRef = 7DC5763822387D4700674687 /* DataModel.xcdatamodeld */; };
		7DC5763C22387DDE00674687 /* PersistenceService.swift in Sources */ = {isa = PBXBuildFile; fileRef = 7DC5763B22387DDE00674687 /* PersistenceService.swift */; };
		7DE107CC2212992F00814702 /* AppDelegate.swift in Sources */ = {isa = PBXBuildFile; fileRef = 7DE107CB2212992F00814702 /* AppDelegate.swift */; };
		7DE107CE2212992F00814702 /* ViewController.swift in Sources */ = {isa = PBXBuildFile; fileRef = 7DE107CD2212992F00814702 /* ViewController.swift */; };
		7DE107D12212992F00814702 /* Main.storyboard in Resources */ = {isa = PBXBuildFile; fileRef = 7DE107CF2212992F00814702 /* Main.storyboard */; };
		7DE107D32212993100814702 /* Assets.xcassets in Resources */ = {isa = PBXBuildFile; fileRef = 7DE107D22212993100814702 /* Assets.xcassets */; };
		7DE107D62212993100814702 /* LaunchScreen.storyboard in Resources */ = {isa = PBXBuildFile; fileRef = 7DE107D42212993100814702 /* LaunchScreen.storyboard */; };
		7DE107DE22129AFC00814702 /* TaskDataSource.swift in Sources */ = {isa = PBXBuildFile; fileRef = 7DE107DD22129AFC00814702 /* TaskDataSource.swift */; };
		7DE107E022129B6900814702 /* Task.swift in Sources */ = {isa = PBXBuildFile; fileRef = 7DE107DF22129B6900814702 /* Task.swift */; };
		7DE107E222129E5500814702 /* MainCell.swift in Sources */ = {isa = PBXBuildFile; fileRef = 7DE107E122129E5500814702 /* MainCell.swift */; };
/* End PBXBuildFile section */

/* Begin PBXFileReference section */
		7D69541C27EAE21600A11008 /* Launch Screen.storyboard */ = {isa = PBXFileReference; lastKnownFileType = file.storyboard; path = "Launch Screen.storyboard"; sourceTree = "<group>"; };
		7D69541E27EAE25400A11008 /* IMG_7254-5.png */ = {isa = PBXFileReference; lastKnownFileType = image.png; path = "IMG_7254-5.png"; sourceTree = "<group>"; };
		7DC5763922387D4700674687 /* DataModel.xcdatamodel */ = {isa = PBXFileReference; lastKnownFileType = wrapper.xcdatamodel; path = DataModel.xcdatamodel; sourceTree = "<group>"; };
		7DC5763B22387DDE00674687 /* PersistenceService.swift */ = {isa = PBXFileReference; lastKnownFileType = sourcecode.swift; path = PersistenceService.swift; sourceTree = "<group>"; };
		7DE107C82212992F00814702 /* Umbra.app */ = {isa = PBXFileReference; explicitFileType = wrapper.application; includeInIndex = 0; path = Umbra.app; sourceTree = BUILT_PRODUCTS_DIR; };
		7DE107CB2212992F00814702 /* AppDelegate.swift */ = {isa = PBXFileReference; lastKnownFileType = sourcecode.swift; path = AppDelegate.swift; sourceTree = "<group>"; };
		7DE107CD2212992F00814702 /* ViewController.swift */ = {isa = PBXFileReference; lastKnownFileType = sourcecode.swift; path = ViewController.swift; sourceTree = "<group>"; };
		7DE107D02212992F00814702 /* Base */ = {isa = PBXFileReference; lastKnownFileType = file.storyboard; name = Base; path = Base.lproj/Main.storyboard; sourceTree = "<group>"; };
		7DE107D22212993100814702 /* Assets.xcassets */ = {isa = PBXFileReference; lastKnownFileType = folder.assetcatalog; path = Assets.xcassets; sourceTree = "<group>"; };
		7DE107D52212993100814702 /* Base */ = {isa = PBXFileReference; lastKnownFileType = file.storyboard; name = Base; path = Base.lproj/LaunchScreen.storyboard; sourceTree = "<group>"; };
		7DE107D72212993100814702 /* Info.plist */ = {isa = PBXFileReference; lastKnownFileType = text.plist.xml; path = Info.plist; sourceTree = "<group>"; };
		7DE107DD22129AFC00814702 /* TaskDataSource.swift */ = {isa = PBXFileReference; lastKnownFileType = sourcecode.swift; path = TaskDataSource.swift; sourceTree = "<group>"; };
		7DE107DF22129B6900814702 /* Task.swift */ = {isa = PBXFileReference; lastKnownFileType = sourcecode.swift; path = Task.swift; sourceTree = "<group>"; };
		7DE107E122129E5500814702 /* MainCell.swift */ = {isa = PBXFileReference; lastKnownFileType = sourcecode.swift; path = MainCell.swift; sourceTree = "<group>"; };
/* End PBXFileReference section */

/* Begin PBXFrameworksBuildPhase section */
		7DE107C52212992F00814702 /* Frameworks */ = {
			isa = PBXFrameworksBuildPhase;
			buildActionMask = 2147483647;
			files = (
			);
			runOnlyForDeploymentPostprocessing = 0;
		};
/* End PBXFrameworksBuildPhase section */

/* Begin PBXGroup section */
		7DE107BF2212992F00814702 = {
			isa = PBXGroup;
			children = (
				7DE107CA2212992F00814702 /* Umbra */,
				7DE107C92212992F00814702 /* Products */,
			);
			sourceTree = "<group>";
		};
		7DE107C92212992F00814702 /* Products */ = {
			isa = PBXGroup;
			children = (
				7DE107C82212992F00814702 /* Umbra.app */,
			);
			name = Products;
			sourceTree = "<group>";
		};
		7DE107CA2212992F00814702 /* Umbra */ = {
			isa = PBXGroup;
			children = (
				7DE107CB2212992F00814702 /* AppDelegate.swift */,
				7DC5763B22387DDE00674687 /* PersistenceService.swift */,
				7DE107CD2212992F00814702 /* ViewController.swift */,
				7DE107CF2212992F00814702 /* Main.storyboard */,
				7D69541C27EAE21600A11008 /* Launch Screen.storyboard */,
				7DE107D22212993100814702 /* Assets.xcassets */,
				7D69541E27EAE25400A11008 /* IMG_7254-5.png */,
				7DE107D42212993100814702 /* LaunchScreen.storyboard */,
				7DE107D72212993100814702 /* Info.plist */,
				7DE107DF22129B6900814702 /* Task.swift */,
				7DE107DD22129AFC00814702 /* TaskDataSource.swift */,
				7DC5763822387D4700674687 /* DataModel.xcdatamodeld */,
				7DE107E122129E5500814702 /* MainCell.swift */,
			);
			path = Umbra;
			sourceTree = "<group>";
		};
/* End PBXGroup section */

/* Begin PBXNativeTarget section */
		7DE107C72212992F00814702 /* Umbra */ = {
			isa = PBXNativeTarget;
			buildConfigurationList = 7DE107DA2212993100814702 /* Build configuration list for PBXNativeTarget "Umbra" */;
			buildPhases = (
				7DE107C42212992F00814702 /* Sources */,
				7DE107C52212992F00814702 /* Frameworks */,
				7DE107C62212992F00814702 /* Resources */,
			);
			buildRules = (
			);
			dependencies = (
			);
			name = Umbra;
			productName = iQuiz;
			productReference = 7DE107C82212992F00814702 /* Umbra.app */;
			productType = "com.apple.product-type.application";
		};
/* End PBXNativeTarget section */

/* Begin PBXProject section */
		7DE107C02212992F00814702 /* Project object */ = {
			isa = PBXProject;
			attributes = {
				LastSwiftUpdateCheck = 1010;
				LastUpgradeCheck = 1010;
				ORGANIZATIONNAME = "Kelden Lin";
				TargetAttributes = {
					7DE107C72212992F00814702 = {
						CreatedOnToolsVersion = 10.1;
						SystemCapabilities = {
							com.apple.ApplicationGroups.iOS = {
								enabled = 0;
							};
							com.apple.BackgroundModes = {
								enabled = 0;
							};
							com.apple.DataProtection = {
								enabled = 0;
							};
							com.apple.Keychain = {
								enabled = 0;
							};
						};
					};
				};
			};
			buildConfigurationList = 7DE107C32212992F00814702 /* Build configuration list for PBXProject "Umbra" */;
			compatibilityVersion = "Xcode 9.3";
			developmentRegion = en;
			hasScannedForEncodings = 0;
			knownRegions = (
				en,
				Base,
			);
			mainGroup = 7DE107BF2212992F00814702;
			productRefGroup = 7DE107C92212992F00814702 /* Products */;
			projectDirPath = "";
			projectRoot = "";
			targets = (
				7DE107C72212992F00814702 /* Umbra */,
			);
		};
/* End PBXProject section */

/* Begin PBXResourcesBuildPhase section */
		7DE107C62212992F00814702 /* Resources */ = {
			isa = PBXResourcesBuildPhase;
			buildActionMask = 2147483647;
			files = (
				7DE107D62212993100814702 /* LaunchScreen.storyboard in Resources */,
				7D69541F27EAE25400A11008 /* IMG_7254-5.png in Resources */,
				7DE107D32212993100814702 /* Assets.xcassets in Resources */,
				7D69541D27EAE21600A11008 /* Launch Screen.storyboard in Resources */,
				7DE107D12212992F00814702 /* Main.storyboard in Resources */,
			);
			runOnlyForDeploymentPostprocessing = 0;
		};
/* End PBXResourcesBuildPhase section */

/* Begin PBXSourcesBuildPhase section */
		7DE107C42212992F00814702 /* Sources */ = {
			isa = PBXSourcesBuildPhase;
			buildActionMask = 2147483647;
			files = (
				7DC5763C22387DDE00674687 /* PersistenceService.swift in Sources */,
				7DE107CE2212992F00814702 /* ViewController.swift in Sources */,
				7DE107DE22129AFC00814702 /* TaskDataSource.swift in Sources */,
				7DE107E022129B6900814702 /* Task.swift in Sources */,
				7DC5763A22387D4700674687 /* DataModel.xcdatamodeld in Sources */,
				7DE107CC2212992F00814702 /* AppDelegate.swift in Sources */,
				7DE107E222129E5500814702 /* MainCell.swift in Sources */,
			);
			runOnlyForDeploymentPostprocessing = 0;
		};
/* End PBXSourcesBuildPhase section */

/* Begin PBXVariantGroup section */
		7DE107CF2212992F00814702 /* Main.storyboard */ = {
			isa = PBXVariantGroup;
			children = (
				7DE107D02212992F00814702 /* Base */,
			);
			name = Main.storyboard;
			sourceTree = "<group>";
		};
		7DE107D42212993100814702 /* LaunchScreen.storyboard */ = {
			isa = PBXVariantGroup;
			children = (
				7DE107D52212993100814702 /* Base */,
			);
			name = LaunchScreen.storyboard;
			sourceTree = "<group>";
		};
/* End PBXVariantGroup section */

/* Begin XCBuildConfiguration section */
		7DE107D82212993100814702 /* Debug */ = {
			isa = XCBuildConfiguration;
			buildSettings = {
				ALWAYS_SEARCH_USER_PATHS = NO;
				CLANG_ANALYZER_NONNULL = YES;
				CLANG_ANALYZER_NUMBER_OBJECT_CONVERSION = YES_AGGRESSIVE;
				CLANG_CXX_LANGUAGE_STANDARD = "gnu++14";
				CLANG_CXX_LIBRARY = "libc++";
				CLANG_ENABLE_MODULES = YES;
				CLANG_ENABLE_OBJC_ARC = YES;
				CLANG_ENABLE_OBJC_WEAK = YES;
				CLANG_WARN_BLOCK_CAPTURE_AUTORELEASING = YES;
				CLANG_WARN_BOOL_CONVERSION = YES;
				CLANG_WARN_COMMA = YES;
				CLANG_WARN_CONSTANT_CONVERSION = YES;
				CLANG_WARN_DEPRECATED_OBJC_IMPLEMENTATIONS = YES;
				CLANG_WARN_DIRECT_OBJC_ISA_USAGE = YES_ERROR;
				CLANG_WARN_DOCUMENTATION_COMMENTS = YES;
				CLANG_WARN_EMPTY_BODY = YES;
				CLANG_WARN_ENUM_CONVERSION = YES;
				CLANG_WARN_INFINITE_RECURSION = YES;
				CLANG_WARN_INT_CONVERSION = YES;
				CLANG_WARN_NON_LITERAL_NULL_CONVERSION = YES;
				CLANG_WARN_OBJC_IMPLICIT_RETAIN_SELF = YES;
				CLANG_WARN_OBJC_LITERAL_CONVERSION = YES;
				CLANG_WARN_OBJC_ROOT_CLASS = YES_ERROR;
				CLANG_WARN_RANGE_LOOP_ANALYSIS = YES;
				CLANG_WARN_STRICT_PROTOTYPES = YES;
				CLANG_WARN_SUSPICIOUS_MOVE = YES;
				CLANG_WARN_UNGUARDED_AVAILABILITY = YES_AGGRESSIVE;
				CLANG_WARN_UNREACHABLE_CODE = YES;
				CLANG_WARN__DUPLICATE_METHOD_MATCH = YES;
				CODE_SIGN_IDENTITY = "iPhone Developer";
				COPY_PHASE_STRIP = NO;
				DEBUG_INFORMATION_FORMAT = dwarf;
				ENABLE_STRICT_OBJC_MSGSEND = YES;
				ENABLE_TESTABILITY = YES;
				GCC_C_LANGUAGE_STANDARD = gnu11;
				GCC_DYNAMIC_NO_PIC = NO;
				GCC_NO_COMMON_BLOCKS = YES;
				GCC_OPTIMIZATION_LEVEL = 0;
				GCC_PREPROCESSOR_DEFINITIONS = (
					"DEBUG=1",
					"$(inherited)",
				);
				GCC_WARN_64_TO_32_BIT_CONVERSION = YES;
				GCC_WARN_ABOUT_RETURN_TYPE = YES_ERROR;
				GCC_WARN_UNDECLARED_SELECTOR = YES;
				GCC_WARN_UNINITIALIZED_AUTOS = YES_AGGRESSIVE;
				GCC_WARN_UNUSED_FUNCTION = YES;
				GCC_WARN_UNUSED_VARIABLE = YES;
				IPHONEOS_DEPLOYMENT_TARGET = 12.1;
				MTL_ENABLE_DEBUG_INFO = INCLUDE_SOURCE;
				MTL_FAST_MATH = YES;
				ONLY_ACTIVE_ARCH = YES;
				SDKROOT = iphoneos;
				SWIFT_ACTIVE_COMPILATION_CONDITIONS = DEBUG;
				SWIFT_OPTIMIZATION_LEVEL = "-Onone";
			};
			name = Debug;
		};
		7DE107D92212993100814702 /* Release */ = {
			isa = XCBuildConfiguration;
			buildSettings = {
				ALWAYS_SEARCH_USER_PATHS = NO;
				CLANG_ANALYZER_NONNULL = YES;
				CLANG_ANALYZER_NUMBER_OBJECT_CONVERSION = YES_AGGRESSIVE;
				CLANG_CXX_LANGUAGE_STANDARD = "gnu++14";
				CLANG_CXX_LIBRARY = "libc++";
				CLANG_ENABLE_MODULES = YES;
				CLANG_ENABLE_OBJC_ARC = YES;
				CLANG_ENABLE_OBJC_WEAK = YES;
				CLANG_WARN_BLOCK_CAPTURE_AUTORELEASING = YES;
				CLANG_WARN_BOOL_CONVERSION = YES;
				CLANG_WARN_COMMA = YES;
				CLANG_WARN_CONSTANT_CONVERSION = YES;
				CLANG_WARN_DEPRECATED_OBJC_IMPLEMENTATIONS = YES;
				CLANG_WARN_DIRECT_OBJC_ISA_USAGE = YES_ERROR;
				CLANG_WARN_DOCUMENTATION_COMMENTS = YES;
				CLANG_WARN_EMPTY_BODY = YES;
				CLANG_WARN_ENUM_CONVERSION = YES;
				CLANG_WARN_INFINITE_RECURSION = YES;
				CLANG_WARN_INT_CONVERSION = YES;
				CLANG_WARN_NON_LITERAL_NULL_CONVERSION = YES;
				CLANG_WARN_OBJC_IMPLICIT_RETAIN_SELF = YES;
				CLANG_WARN_OBJC_LITERAL_CONVERSION = YES;
				CLANG_WARN_OBJC_ROOT_CLASS = YES_ERROR;
				CLANG_WARN_RANGE_LOOP_ANALYSIS = YES;
				CLANG_WARN_STRICT_PROTOTYPES = YES;
				CLANG_WARN_SUSPICIOUS_MOVE = YES;
				CLANG_WARN_UNGUARDED_AVAILABILITY = YES_AGGRESSIVE;
				CLANG_WARN_UNREACHABLE_CODE = YES;
				CLANG_WARN__DUPLICATE_METHOD_MATCH = YES;
				CODE_SIGN_IDENTITY = "iPhone Developer";
				COPY_PHASE_STRIP = NO;
				DEBUG_INFORMATION_FORMAT = "dwarf-with-dsym";
				ENABLE_NS_ASSERTIONS = NO;
				ENABLE_STRICT_OBJC_MSGSEND = YES;
				GCC_C_LANGUAGE_STANDARD = gnu11;
				GCC_NO_COMMON_BLOCKS = YES;
				GCC_WARN_64_TO_32_BIT_CONVERSION = YES;
				GCC_WARN_ABOUT_RETURN_TYPE = YES_ERROR;
				GCC_WARN_UNDECLARED_SELECTOR = YES;
				GCC_WARN_UNINITIALIZED_AUTOS = YES_AGGRESSIVE;
				GCC_WARN_UNUSED_FUNCTION = YES;
				GCC_WARN_UNUSED_VARIABLE = YES;
				IPHONEOS_DEPLOYMENT_TARGET = 12.1;
				MTL_ENABLE_DEBUG_INFO = NO;
				MTL_FAST_MATH = YES;
				SDKROOT = iphoneos;
				SWIFT_COMPILATION_MODE = wholemodule;
				SWIFT_OPTIMIZATION_LEVEL = "-O";
				VALIDATE_PRODUCT = YES;
			};
			name = Release;
		};
		7DE107DB2212993100814702 /* Debug */ = {
			isa = XCBuildConfiguration;
			buildSettings = {
				ASSETCATALOG_COMPILER_APPICON_NAME = AppIcon;
				CODE_SIGN_ENTITLEMENTS = "";
				CODE_SIGN_IDENTITY = "iPhone Developer";
				CODE_SIGN_INJECT_BASE_ENTITLEMENTS = YES;
				CODE_SIGN_STYLE = Automatic;
				DEVELOPMENT_TEAM = 5PSCJVEKW3;
				INFOPLIST_FILE = Umbra/Info.plist;
				IPHONEOS_DEPLOYMENT_TARGET = 10.0;
				LD_RUNPATH_SEARCH_PATHS = (
					"$(inherited)",
					"@executable_path/Frameworks",
				);
				PRODUCT_BUNDLE_IDENTIFIER = com.kelden.Umbra;
				PRODUCT_NAME = "$(TARGET_NAME)";
				PROVISIONING_PROFILE_SPECIFIER = "";
				SWIFT_VERSION = 4.2;
				TARGETED_DEVICE_FAMILY = 1;
			};
			name = Debug;
		};
		7DE107DC2212993100814702 /* Release */ = {
			isa = XCBuildConfiguration;
			buildSettings = {
				ASSETCATALOG_COMPILER_APPICON_NAME = AppIcon;
				CODE_SIGN_ENTITLEMENTS = "";
				CODE_SIGN_IDENTITY = "iPhone Developer";
				CODE_SIGN_INJECT_BASE_ENTITLEMENTS = YES;
				CODE_SIGN_STYLE = Automatic;
				DEVELOPMENT_TEAM = 5PSCJVEKW3;
				INFOPLIST_FILE = Umbra/Info.plist;
				IPHONEOS_DEPLOYMENT_TARGET = 10.0;
				LD_RUNPATH_SEARCH_PATHS = (
					"$(inherited)",
					"@executable_path/Frameworks",
				);
				PRODUCT_BUNDLE_IDENTIFIER = com.kelden.Umbra;
				PRODUCT_NAME = "$(TARGET_NAME)";
				PROVISIONING_PROFILE_SPECIFIER = "";
				SWIFT_VERSION = 4.2;
				TARGETED_DEVICE_FAMILY = 1;
			};
			name = Release;
		};
/* End XCBuildConfiguration section */

/* Begin XCConfigurationList section */
		7DE107C32212992F00814702 /* Build configuration list for PBXProject "Umbra" */ = {
			isa = XCConfigurationList;
			buildConfigurations = (
				7DE107D82212993100814702 /* Debug */,
				7DE107D92212993100814702 /* Release */,
			);
			defaultConfigurationIsVisible = 0;
			defaultConfigurationName = Release;
		};
		7DE107DA2212993100814702 /* Build configuration list for PBXNativeTarget "Umbra" */ = {
			isa = XCConfigurationList;
			buildConfigurations = (
				7DE107DB2212993100814702 /* Debug */,
				7DE107DC2212993100814702 /* Release */,
			);
			defaultConfigurationIsVisible = 0;
			defaultConfigurationName = Release;
		};
/* End XCConfigurationList section */

/* Begin XCVersionGroup section */
		7DC5763822387D4700674687 /* DataModel.xcdatamodeld */ = {
			isa = XCVersionGroup;
			children = (
				7DC5763922387D4700674687 /* DataModel.xcdatamodel */,
			);
			currentVersion = 7DC5763922387D4700674687 /* DataModel.xcdatamodel */;
			path = DataModel.xcdatamodeld;
			sourceTree = "<group>";
			versionGroupType = wrapper.xcdatamodel;
		};
/* End XCVersionGroup section */
	};
	rootObject = 7DE107C02212992F00814702 /* Project object */;
}
